
Microsoft Visual Studio Solution File, Format Version 12.00
# Visual Studio Version 16
VisualStudioVersion = 16.0.28315.86
MinimumVisualStudioVersion = 10.0.40219.1
Project("{FAE04EC0-301F-11D3-BF4B-00C04F79EFBC}") = "Handler", "Handler\Handler.csproj", "{265417F7-64EC-404B-8FDA-0478818F321D}"
EndProject
Project("{FAE04EC0-301F-11D3-BF4B-00C04F79EFBC}") = "CoreServices.Common", "CoreServices.Common\CoreServices.Common.csproj", "{68E18531-0A7A-46E6-A79C-124511E03A01}"
EndProject
Global
	GlobalSection(SolutionConfigurationPlatforms) = preSolution
		Debug|Any CPU = Debug|Any CPU
		Release|Any CPU = Release|Any CPU
	EndGlobalSection
	GlobalSection(ProjectConfigurationPlatforms) = postSolution
		{265417F7-64EC-404B-8FDA-0478818F321D}.Debug|Any CPU.ActiveCfg = Debug|Any CPU
		{265417F7-64EC-404B-8FDA-0478818F321D}.Debug|Any CPU.Build.0 = Debug|Any CPU
		{265417F7-64EC-404B-8FDA-0478818F321D}.Release|Any CPU.ActiveCfg = Release|Any CPU
		{265417F7-64EC-404B-8FDA-0478818F321D}.Release|Any CPU.Build.0 = Release|Any CPU
		{68E18531-0A7A-46E6-A79C-124511E03A01}.Debug|Any CPU.ActiveCfg = Debug|Any CPU
		{68E18531-0A7A-46E6-A79C-124511E03A01}.Debug|Any CPU.Build.0 = Debug|Any CPU
		{68E18531-0A7A-46E6-A79C-124511E03A01}.Release|Any CPU.ActiveCfg = Release|Any CPU
		{68E18531-0A7A-46E6-A79C-124511E03A01}.Release|Any CPU.Build.0 = Release|Any CPU
	EndGlobalSection
	GlobalSection(SolutionProperties) = preSolution
		HideSolutionNode = FALSE
	EndGlobalSection
	GlobalSection(ExtensibilityGlobals) = postSolution
		SolutionGuid = {372A35AD-87C2-4B3F-BCB9-64A19A5DF0FE}
	EndGlobalSection
EndGlobal
